
Microsoft Visual Studio Solution File, Format Version 12.00
# Visual Studio 15
VisualStudioVersion = 15.0.28307.421
MinimumVisualStudioVersion = 10.0.40219.1
Project("{FAE04EC0-301F-11D3-BF4B-00C04F79EFBC}") = "QuadraticEquation", "QuadraticEquation\QuadraticEquation.csproj", "{B3898FC4-EEA2-4189-A2C2-71657E759F09}"
EndProject
Global
	GlobalSection(SolutionConfigurationPlatforms) = preSolution
		Debug|Any CPU = Debug|Any CPU
		Release|Any CPU = Release|Any CPU
	EndGlobalSection
	GlobalSection(ProjectConfigurationPlatforms) = postSolution
		{B3898FC4-EEA2-4189-A2C2-71657E759F09}.Debug|Any CPU.ActiveCfg = Debug|Any CPU
		{B3898FC4-EEA2-4189-A2C2-71657E759F09}.Debug|Any CPU.Build.0 = Debug|Any CPU
		{B3898FC4-EEA2-4189-A2C2-71657E759F09}.Release|Any CPU.ActiveCfg = Release|Any CPU
		{B3898FC4-EEA2-4189-A2C2-71657E759F09}.Release|Any CPU.Build.0 = Release|Any CPU
	EndGlobalSection
	GlobalSection(SolutionProperties) = preSolution
		HideSolutionNode = FALSE
	EndGlobalSection
	GlobalSection(ExtensibilityGlobals) = postSolution
		SolutionGuid = {B8E2BE70-772C-4F53-BD28-53E7BDB68BF8}
	EndGlobalSection
EndGlobal
